# This file is automatically @generated by Poetry and should not be changed by hand.

[[package]]
name = "certifi"
version = "2022.12.7"
description = "Python package for providing Mozilla's CA Bundle."
category = "main"
optional = false
python-versions = ">=3.6"
files = [
    {file = "certifi-2022.12.7-py3-none-any.whl", hash = "sha256:4ad3232f5e926d6718ec31cfc1fcadfde020920e278684144551c91769c7bc18"},
    {file = "certifi-2022.12.7.tar.gz", hash = "sha256:35824b4c3a97115964b408844d64aa14db1cc518f6562e8d7261699d1350a9e3"},
]

[[package]]
name = "charset-normalizer"
version = "2.1.1"
description = "The Real First Universal Charset Detector. Open, modern and actively maintained alternative to Chardet."
category = "main"
optional = false
python-versions = ">=3.6.0"
files = [
    {file = "charset-normalizer-2.1.1.tar.gz", hash = "sha256:5a3d016c7c547f69d6f81fb0db9449ce888b418b5b9952cc5e6e66843e9dd845"},
    {file = "charset_normalizer-2.1.1-py3-none-any.whl", hash = "sha256:83e9a75d1911279afd89352c68b45348559d1fc0506b054b346651b5e7fee29f"},
]

[package.extras]
unicode-backport = ["unicodedata2"]

[[package]]
name = "idna"
version = "3.4"
description = "Internationalized Domain Names in Applications (IDNA)"
category = "main"
optional = false
python-versions = ">=3.5"
files = [
    {file = "idna-3.4-py3-none-any.whl", hash = "sha256:90b77e79eaa3eba6de819a0c442c0b4ceefc341a7a2ab77d7562bf49f425c5c2"},
    {file = "idna-3.4.tar.gz", hash = "sha256:814f528e8dead7d329833b91c5faa87d60bf71824cd12a7530b5526063d02cb4"},
]

[[package]]
name = "pyotp"
version = "2.8.0"
description = "Python One Time Password Library"
category = "main"
optional = false
python-versions = ">=3.7"
files = [
    {file = "pyotp-2.8.0-py3-none-any.whl", hash = "sha256:889d037fdde6accad28531fc62a790f089e5dfd5b638773e9ee004cce074a2e5"},
    {file = "pyotp-2.8.0.tar.gz", hash = "sha256:c2f5e17d9da92d8ec1f7de6331ab08116b9115adbabcba6e208d46fc49a98c5a"},
]

[[package]]
name = "python-bitcoinrpc"
version = "1.0"
description = "Enhanced version of python-jsonrpc for use with Bitcoin"
category = "main"
optional = false
python-versions = "*"
files = [
    {file = "python-bitcoinrpc-1.0.tar.gz", hash = "sha256:a6a6f35672635163bc491c25fe29520bdd063dedbeda3b37bf5be97aa038c6e7"},
]

[[package]]
name = "requests"
version = "2.28.1"
description = "Python HTTP for Humans."
category = "main"
optional = false
python-versions = ">=3.7, <4"
files = [
    {file = "requests-2.28.1-py3-none-any.whl", hash = "sha256:8fefa2a1a1365bf5520aac41836fbee479da67864514bdb821f31ce07ce65349"},
    {file = "requests-2.28.1.tar.gz", hash = "sha256:7c5599b102feddaa661c826c56ab4fee28bfd17f5abca1ebbe3e7f19d7c97983"},
]

[package.dependencies]
certifi = ">=2017.4.17"
charset-normalizer = ">=2,<3"
idna = ">=2.5,<4"
urllib3 = ">=1.21.1,<1.27"

[package.extras]
socks = ["PySocks (>=1.5.6,!=1.5.7)"]
use-chardet-on-py3 = ["chardet (>=3.0.2,<6)"]

[[package]]
name = "ruff"
version = "0.0.188"
description = "An extremely fast Python linter, written in Rust."
category = "main"
optional = false
python-versions = ">=3.7"
files = [
    {file = "ruff-0.0.188-py3-none-macosx_10_7_x86_64.whl", hash = "sha256:01ec4ecc1362346313926177164451e28fdf8a7f532ab5fcc8904344025069a0"},
    {file = "ruff-0.0.188-py3-none-macosx_10_9_x86_64.macosx_11_0_arm64.macosx_10_9_universal2.whl", hash = "sha256:3406a148d0f00bb210eb97a20c902ded09873cbeaaa7e7c5c92b06814be64c11"},
    {file = "ruff-0.0.188-py3-none-manylinux_2_17_aarch64.manylinux2014_aarch64.whl", hash = "sha256:4fb31072b289d2f3bf3f9fff28add8ae961ca67b474468e6e41f59fafb08b669"},
    {file = "ruff-0.0.188-py3-none-manylinux_2_17_armv7l.manylinux2014_armv7l.whl", hash = "sha256:b3a09f6ea4b3ac09f8ec95cd96d292bb2b1bee8e85038c582f0113becc3914f8"},
    {file = "ruff-0.0.188-py3-none-manylinux_2_17_i686.manylinux2014_i686.whl", hash = "sha256:4eb82c7bcc53e636a863504cdfd9b91181210c4b0a6ea040a6537cdf51a51b93"},
    {file = "ruff-0.0.188-py3-none-manylinux_2_17_ppc64.manylinux2014_ppc64.whl", hash = "sha256:6794c29b47688620d22ee5493f361c504187d54df8267b8f8815f20c55f4fe23"},
    {file = "ruff-0.0.188-py3-none-manylinux_2_17_ppc64le.manylinux2014_ppc64le.whl", hash = "sha256:9f67375456bebc80412d6ffc9da49ff92d174a123fc0c59f4158c07f52965e27"},
    {file = "ruff-0.0.188-py3-none-manylinux_2_17_s390x.manylinux2014_s390x.whl", hash = "sha256:760ddb6574f29d2d36281125cf9bf3160207a20c59905033dd446b2f933de23b"},
    {file = "ruff-0.0.188-py3-none-manylinux_2_17_x86_64.manylinux2014_x86_64.whl", hash = "sha256:684212da83a2eac015944fe05f95f3bca6bcb8b140693f5cdfcc7b7ac0e7d2fe"},
    {file = "ruff-0.0.188-py3-none-musllinux_1_2_aarch64.whl", hash = "sha256:d791b7f18afd48222bf5fa52485797486dc4b19331515bd1a9935e7fcaf8be66"},
    {file = "ruff-0.0.188-py3-none-musllinux_1_2_armv7l.whl", hash = "sha256:203fce489d48361b0fa790df54fa4a6ada2a8fdbef0e91ce0e460cb5faf176ce"},
    {file = "ruff-0.0.188-py3-none-musllinux_1_2_i686.whl", hash = "sha256:dd7839e086801dfb0f3a658e5f06f722fb0245d25fd8178985bac2e97c256ec7"},
    {file = "ruff-0.0.188-py3-none-musllinux_1_2_x86_64.whl", hash = "sha256:8f25cf828ba12a7a6ccc82b7afb935dc138ee3d26b1b7d64dfe3154b79c4d809"},
    {file = "ruff-0.0.188-py3-none-win32.whl", hash = "sha256:7bca72f898bf889d0774fb831d397ebbc9d4f28c2c40aaa9072d61e6c2396cd4"},
    {file = "ruff-0.0.188-py3-none-win_amd64.whl", hash = "sha256:7a57f268ccb82dda8505101327686e3b60d748a0cdddc4cdd0eb944d76f09da3"},
    {file = "ruff-0.0.188.tar.gz", hash = "sha256:fa4c1e4342e2477a16e5392eb7b41d5c254dbe1f1e9be9b9693190be1beafb95"},
]

[[package]]
name = "six"
version = "1.16.0"
description = "Python 2 and 3 compatibility utilities"
category = "main"
optional = false
python-versions = ">=2.7, !=3.0.*, !=3.1.*, !=3.2.*"
files = [
    {file = "six-1.16.0-py2.py3-none-any.whl", hash = "sha256:8abb2f1d86890a2dfb989f9a77cfcfd3e47c2a354b01111771326f8aa26e0254"},
    {file = "six-1.16.0.tar.gz", hash = "sha256:1e61c37477a1626458e36f7b1d82aa5c9b094fa4802892072e49de9c60c4c926"},
]

[[package]]
name = "sseclient"
version = "0.0.27"
description = "Python client library for reading Server Sent Event streams."
category = "main"
optional = false
python-versions = "*"
files = [
    {file = "sseclient-0.0.27.tar.gz", hash = "sha256:b2fe534dcb33b1d3faad13d60c5a7c718e28f85987f2a034ecf5ec279918c11c"},
]

[package.dependencies]
requests = ">=2.9"
six = "*"

[[package]]
name = "urllib3"
version = "1.26.13"
description = "HTTP library with thread-safe connection pooling, file post, and more."
category = "main"
optional = false
python-versions = ">=2.7, !=3.0.*, !=3.1.*, !=3.2.*, !=3.3.*, !=3.4.*, !=3.5.*"
files = [
    {file = "urllib3-1.26.13-py2.py3-none-any.whl", hash = "sha256:47cc05d99aaa09c9e72ed5809b60e7ba354e64b59c9c173ac3018642d8bb41fc"},
    {file = "urllib3-1.26.13.tar.gz", hash = "sha256:c083dd0dce68dbfbe1129d5271cb90f9447dea7d52097c6e0126120c521ddea8"},
]

[package.extras]
brotli = ["brotli (>=1.0.9)", "brotlicffi (>=0.8.0)", "brotlipy (>=0.6.0)"]
secure = ["certifi", "cryptography (>=1.3.4)", "idna (>=2.0.0)", "ipaddress", "pyOpenSSL (>=0.14)", "urllib3-secure-extra"]
socks = ["PySocks (>=1.5.6,!=1.5.7,<2.0)"]

[metadata]
lock-version = "2.0"
python-versions = "^3.10"
content-hash = "c157bfc39dfe6282ff66aa6e617ad455e0e643e0f87fbc8fa3878262df2a5cf1"
